PODS:
  - AFNetworking (2.3.1):
    - AFNetworking/NSURLConnection
    - AFNetworking/NSURLSession
    - AFNetworking/Reachability
    - AFNetworking/Security
    - AFNetworking/Serialization
    - AFNetworking/UIKit
  - AFNetworking/NSURLConnection (2.3.1):
    - AFNetworking/Reachability
    - AFNetworking/Security
    - AFNetworking/Serialization
  - AFNetworking/NSURLSession (2.3.1):
    - AFNetworking/Reachability
    - AFNetworking/Security
    - AFNetworking/Serialization
  - AFNetworking/Reachability (2.3.1)
  - AFNetworking/Security (2.3.1)
  - AFNetworking/Serialization (2.3.1)
  - AFNetworking/UIKit (2.3.1):
    - AFNetworking/NSURLConnection
    - AFNetworking/NSURLSession
  - JSMessagesViewController (4.0.4):
    - JSQSystemSoundPlayer
  - JSQSystemSoundPlayer (1.5.2)
  - SocketRocket (0.3.1-beta2)

DEPENDENCIES:
  - AFNetworking
  - JSMessagesViewController
  - SocketRocket

SPEC CHECKSUMS:
  AFNetworking: 6d7b76aa5d04c8c37daad3eef4b7e3f2a7620da3
  JSMessagesViewController: 1083fdb9043e652a86b29bdfef526a9caef9f40e
  JSQSystemSoundPlayer: c24914bc96ff5365b5d28b59d7ecffd60d1c5587
  SocketRocket: 79a68ae186063c65e1fe6f638b1ae2927aa5f304

COCOAPODS: 0.33.1
