// !$*UTF8*$!
{
	archiveVersion = 1;
	classes = {
	};
	objectVersion = 46;
	objects = {

/* Begin PBXBuildFile section */
		D08FB747190D5A76002DA3C8 /* Foundation.framework in Frameworks */ = {isa = PBXBuildFile; fileRef = D08FB746190D5A76002DA3C8 /* Foundation.framework */; };
		D08FB749190D5A76002DA3C8 /* CoreGraphics.framework in Frameworks */ = {isa = PBXBuildFile; fileRef = D08FB748190D5A76002DA3C8 /* CoreGraphics.framework */; };
		D08FB74B190D5A76002DA3C8 /* UIKit.framework in Frameworks */ = {isa = PBXBuildFile; fileRef = D08FB74A190D5A76002DA3C8 /* UIKit.framework */; };
		D08FB751190D5A76002DA3C8 /* InfoPlist.strings in Resources */ = {isa = PBXBuildFile; fileRef = D08FB74F190D5A76002DA3C8 /* InfoPlist.strings */; };
		D08FB753190D5A76002DA3C8 /* main.m in Sources */ = {isa = PBXBuildFile; fileRef = D08FB752190D5A76002DA3C8 /* main.m */; };
		D08FB757190D5A76002DA3C8 /* AppDelegate.m in Sources */ = {isa = PBXBuildFile; fileRef = D08FB756190D5A76002DA3C8 /* AppDelegate.m */; };
		D08FB759190D5A76002DA3C8 /* Images.xcassets in Resources */ = {isa = PBXBuildFile; fileRef = D08FB758190D5A76002DA3C8 /* Images.xcassets */; };
		D08FB760190D5A76002DA3C8 /* XCTest.framework in Frameworks */ = {isa = PBXBuildFile; fileRef = D08FB75F190D5A76002DA3C8 /* XCTest.framework */; };
		D08FB761190D5A76002DA3C8 /* Foundation.framework in Frameworks */ = {isa = PBXBuildFile; fileRef = D08FB746190D5A76002DA3C8 /* Foundation.framework */; };
		D08FB762190D5A76002DA3C8 /* UIKit.framework in Frameworks */ = {isa = PBXBuildFile; fileRef = D08FB74A190D5A76002DA3C8 /* UIKit.framework */; };
		D08FB76A190D5A76002DA3C8 /* InfoPlist.strings in Resources */ = {isa = PBXBuildFile; fileRef = D08FB768190D5A76002DA3C8 /* InfoPlist.strings */; };
		D08FB76C190D5A76002DA3C8 /* DB_ProjectTests.m in Sources */ = {isa = PBXBuildFile; fileRef = D08FB76B190D5A76002DA3C8 /* DB_ProjectTests.m */; };
		D08FB778190D5A95002DA3C8 /* MainViewController.m in Sources */ = {isa = PBXBuildFile; fileRef = D08FB776190D5A95002DA3C8 /* MainViewController.m */; };
		D08FB779190D5A95002DA3C8 /* MainViewController.xib in Resources */ = {isa = PBXBuildFile; fileRef = D08FB777190D5A95002DA3C8 /* MainViewController.xib */; };
/* End PBXBuildFile section */

/* Begin PBXContainerItemProxy section */
		D08FB763190D5A76002DA3C8 /* PBXContainerItemProxy */ = {
			isa = PBXContainerItemProxy;
			containerPortal = D08FB73B190D5A76002DA3C8 /* Project object */;
			proxyType = 1;
			remoteGlobalIDString = D08FB742190D5A76002DA3C8;
			remoteInfo = DB_Project;
		};
/* End PBXContainerItemProxy section */

/* Begin PBXFileReference section */
		D08FB743190D5A76002DA3C8 /* DB_Project.app */ = {isa = PBXFileReference; explicitFileType = wrapper.application; includeInIndex = 0; path = DB_Project.app; sourceTree = BUILT_PRODUCTS_DIR; };
		D08FB746190D5A76002DA3C8 /* Foundation.framework */ = {isa = PBXFileReference; lastKnownFileType = wrapper.framework; name = Foundation.framework; path = System/Library/Frameworks/Foundation.framework; sourceTree = SDKROOT; };
		D08FB748190D5A76002DA3C8 /* CoreGraphics.framework */ = {isa = PBXFileReference; lastKnownFileType = wrapper.framework; name = CoreGraphics.framework; path = System/Library/Frameworks/CoreGraphics.framework; sourceTree = SDKROOT; };
		D08FB74A190D5A76002DA3C8 /* UIKit.framework */ = {isa = PBXFileReference; lastKnownFileType = wrapper.framework; name = UIKit.framework; path = System/Library/Frameworks/UIKit.framework; sourceTree = SDKROOT; };
		D08FB74E190D5A76002DA3C8 /* DB_Project-Info.plist */ = {isa = PBXFileReference; lastKnownFileType = text.plist.xml; path = "DB_Project-Info.plist"; sourceTree = "<group>"; };
		D08FB750190D5A76002DA3C8 /* en */ = {isa = PBXFileReference; lastKnownFileType = text.plist.strings; name = en; path = en.lproj/InfoPlist.strings; sourceTree = "<group>"; };
		D08FB752190D5A76002DA3C8 /* main.m */ = {isa = PBXFileReference; lastKnownFileType = sourcecode.c.objc; path = main.m; sourceTree = "<group>"; };
		D08FB754190D5A76002DA3C8 /* DB_Project-Prefix.pch */ = {isa = PBXFileReference; lastKnownFileType = sourcecode.c.h; path = "DB_Project-Prefix.pch"; sourceTree = "<group>"; };
		D08FB755190D5A76002DA3C8 /* AppDelegate.h */ = {isa = PBXFileReference; lastKnownFileType = sourcecode.c.h; path = AppDelegate.h; sourceTree = "<group>"; };
		D08FB756190D5A76002DA3C8 /* AppDelegate.m */ = {isa = PBXFileReference; lastKnownFileType = sourcecode.c.objc; path = AppDelegate.m; sourceTree = "<group>"; };
		D08FB758190D5A76002DA3C8 /* Images.xcassets */ = {isa = PBXFileReference; lastKnownFileType = folder.assetcatalog; path = Images.xcassets; sourceTree = "<group>"; };
		D08FB75E190D5A76002DA3C8 /* DB_ProjectTests.xctest */ = {isa = PBXFileReference; explicitFileType = wrapper.cfbundle; includeInIndex = 0; path = DB_ProjectTests.xctest; sourceTree = BUILT_PRODUCTS_DIR; };
		D08FB75F190D5A76002DA3C8 /* XCTest.framework */ = {isa = PBXFileReference; lastKnownFileType = wrapper.framework; name = XCTest.framework; path = Library/Frameworks/XCTest.framework; sourceTree = DEVELOPER_DIR; };
		D08FB767190D5A76002DA3C8 /* DB_ProjectTests-Info.plist */ = {isa = PBXFileReference; lastKnownFileType = text.plist.xml; path = "DB_ProjectTests-Info.plist"; sourceTree = "<group>"; };
		D08FB769190D5A76002DA3C8 /* en */ = {isa = PBXFileReference; lastKnownFileType = text.plist.strings; name = en; path = en.lproj/InfoPlist.strings; sourceTree = "<group>"; };
		D08FB76B190D5A76002DA3C8 /* DB_ProjectTests.m */ = {isa = PBXFileReference; lastKnownFileType = sourcecode.c.objc; path = DB_ProjectTests.m; sourceTree = "<group>"; };
		D08FB775190D5A95002DA3C8 /* MainViewController.h */ = {isa = PBXFileReference; fileEncoding = 4; lastKnownFileType = sourcecode.c.h; path = MainViewController.h; sourceTree = "<group>"; };
		D08FB776190D5A95002DA3C8 /* MainViewController.m */ = {isa = PBXFileReference; fileEncoding = 4; lastKnownFileType = sourcecode.c.objc; path = MainViewController.m; sourceTree = "<group>"; };
		D08FB777190D5A95002DA3C8 /* MainViewController.xib */ = {isa = PBXFileReference; fileEncoding = 4; lastKnownFileType = file.xib; path = MainViewController.xib; sourceTree = "<group>"; };
/* End PBXFileReference section */

/* Begin PBXFrameworksBuildPhase section */
		D08FB740190D5A76002DA3C8 /* Frameworks */ = {
			isa = PBXFrameworksBuildPhase;
			buildActionMask = 2147483647;
			files = (
				D08FB749190D5A76002DA3C8 /* CoreGraphics.framework in Frameworks */,
				D08FB74B190D5A76002DA3C8 /* UIKit.framework in Frameworks */,
				D08FB747190D5A76002DA3C8 /* Foundation.framework in Frameworks */,
			);
			runOnlyForDeploymentPostprocessing = 0;
		};
		D08FB75B190D5A76002DA3C8 /* Frameworks */ = {
			isa = PBXFrameworksBuildPhase;
			buildActionMask = 2147483647;
			files = (
				D08FB760190D5A76002DA3C8 /* XCTest.framework in Frameworks */,
				D08FB762190D5A76002DA3C8 /* UIKit.framework in Frameworks */,
				D08FB761190D5A76002DA3C8 /* Foundation.framework in Frameworks */,
			);
			runOnlyForDeploymentPostprocessing = 0;
		};
/* End PBXFrameworksBuildPhase section */

/* Begin PBXGroup section */
		D08FB73A190D5A76002DA3C8 = {
			isa = PBXGroup;
			children = (
				D08FB74C190D5A76002DA3C8 /* DB_Project */,
				D08FB765190D5A76002DA3C8 /* DB_ProjectTests */,
				D08FB745190D5A76002DA3C8 /* Frameworks */,
				D08FB744190D5A76002DA3C8 /* Products */,
			);
			sourceTree = "<group>";
		};
		D08FB744190D5A76002DA3C8 /* Products */ = {
			isa = PBXGroup;
			children = (
				D08FB743190D5A76002DA3C8 /* DB_Project.app */,
				D08FB75E190D5A76002DA3C8 /* DB_ProjectTests.xctest */,
			);
			name = Products;
			sourceTree = "<group>";
		};
		D08FB745190D5A76002DA3C8 /* Frameworks */ = {
			isa = PBXGroup;
			children = (
				D08FB746190D5A76002DA3C8 /* Foundation.framework */,
				D08FB748190D5A76002DA3C8 /* CoreGraphics.framework */,
				D08FB74A190D5A76002DA3C8 /* UIKit.framework */,
				D08FB75F190D5A76002DA3C8 /* XCTest.framework */,
			);
			name = Frameworks;
			sourceTree = "<group>";
		};
		D08FB74C190D5A76002DA3C8 /* DB_Project */ = {
			isa = PBXGroup;
			children = (
				D08FB755190D5A76002DA3C8 /* AppDelegate.h */,
				D08FB756190D5A76002DA3C8 /* AppDelegate.m */,
				D08FB775190D5A95002DA3C8 /* MainViewController.h */,
				D08FB776190D5A95002DA3C8 /* MainViewController.m */,
				D08FB777190D5A95002DA3C8 /* MainViewController.xib */,
				D08FB758190D5A76002DA3C8 /* Images.xcassets */,
				D08FB74D190D5A76002DA3C8 /* Supporting Files */,
			);
			path = DB_Project;
			sourceTree = "<group>";
		};
		D08FB74D190D5A76002DA3C8 /* Supporting Files */ = {
			isa = PBXGroup;
			children = (
				D08FB74E190D5A76002DA3C8 /* DB_Project-Info.plist */,
				D08FB74F190D5A76002DA3C8 /* InfoPlist.strings */,
				D08FB752190D5A76002DA3C8 /* main.m */,
				D08FB754190D5A76002DA3C8 /* DB_Project-Prefix.pch */,
			);
			name = "Supporting Files";
			sourceTree = "<group>";
		};
		D08FB765190D5A76002DA3C8 /* DB_ProjectTests */ = {
			isa = PBXGroup;
			children = (
				D08FB76B190D5A76002DA3C8 /* DB_ProjectTests.m */,
				D08FB766190D5A76002DA3C8 /* Supporting Files */,
			);
			path = DB_ProjectTests;
			sourceTree = "<group>";
		};
		D08FB766190D5A76002DA3C8 /* Supporting Files */ = {
			isa = PBXGroup;
			children = (
				D08FB767190D5A76002DA3C8 /* DB_ProjectTests-Info.plist */,
				D08FB768190D5A76002DA3C8 /* InfoPlist.strings */,
			);
			name = "Supporting Files";
			sourceTree = "<group>";
		};
/* End PBXGroup section */

/* Begin PBXNativeTarget section */
		D08FB742190D5A76002DA3C8 /* DB_Project */ = {
			isa = PBXNativeTarget;
			buildConfigurationList = D08FB76F190D5A76002DA3C8 /* Build configuration list for PBXNativeTarget "DB_Project" */;
			buildPhases = (
				D08FB73F190D5A76002DA3C8 /* Sources */,
				D08FB740190D5A76002DA3C8 /* Frameworks */,
				D08FB741190D5A76002DA3C8 /* Resources */,
			);
			buildRules = (
			);
			dependencies = (
			);
			name = DB_Project;
			productName = DB_Project;
			productReference = D08FB743190D5A76002DA3C8 /* DB_Project.app */;
			productType = "com.apple.product-type.application";
		};
		D08FB75D190D5A76002DA3C8 /* DB_ProjectTests */ = {
			isa = PBXNativeTarget;
			buildConfigurationList = D08FB772190D5A76002DA3C8 /* Build configuration list for PBXNativeTarget "DB_ProjectTests" */;
			buildPhases = (
				D08FB75A190D5A76002DA3C8 /* Sources */,
				D08FB75B190D5A76002DA3C8 /* Frameworks */,
				D08FB75C190D5A76002DA3C8 /* Resources */,
			);
			buildRules = (
			);
			dependencies = (
				D08FB764190D5A76002DA3C8 /* PBXTargetDependency */,
			);
			name = DB_ProjectTests;
			productName = DB_ProjectTests;
			productReference = D08FB75E190D5A76002DA3C8 /* DB_ProjectTests.xctest */;
			productType = "com.apple.product-type.bundle.unit-test";
		};
/* End PBXNativeTarget section */

/* Begin PBXProject section */
		D08FB73B190D5A76002DA3C8 /* Project object */ = {
			isa = PBXProject;
			attributes = {
				LastUpgradeCheck = 0510;
				ORGANIZATIONNAME = Peterlee;
				TargetAttributes = {
					D08FB742190D5A76002DA3C8 = {
						SystemCapabilities = {
							com.apple.BackgroundModes = {
								enabled = 1;
							};
						};
					};
					D08FB75D190D5A76002DA3C8 = {
						TestTargetID = D08FB742190D5A76002DA3C8;
					};
				};
			};
			buildConfigurationList = D08FB73E190D5A76002DA3C8 /* Build configuration list for PBXProject "DB_Project" */;
			compatibilityVersion = "Xcode 3.2";
			developmentRegion = English;
			hasScannedForEncodings = 0;
			knownRegions = (
				en,
			);
			mainGroup = D08FB73A190D5A76002DA3C8;
			productRefGroup = D08FB744190D5A76002DA3C8 /* Products */;
			projectDirPath = "";
			projectRoot = "";
			targets = (
				D08FB742190D5A76002DA3C8 /* DB_Project */,
				D08FB75D190D5A76002DA3C8 /* DB_ProjectTests */,
			);
		};
/* End PBXProject section */

/* Begin PBXResourcesBuildPhase section */
		D08FB741190D5A76002DA3C8 /* Resources */ = {
			isa = PBXResourcesBuildPhase;
			buildActionMask = 2147483647;
			files = (
				D08FB751190D5A76002DA3C8 /* InfoPlist.strings in Resources */,
				D08FB779190D5A95002DA3C8 /* MainViewController.xib in Resources */,
				D08FB759190D5A76002DA3C8 /* Images.xcassets in Resources */,
			);
			runOnlyForDeploymentPostprocessing = 0;
		};
		D08FB75C190D5A76002DA3C8 /* Resources */ = {
			isa = PBXResourcesBuildPhase;
			buildActionMask = 2147483647;
			files = (
				D08FB76A190D5A76002DA3C8 /* InfoPlist.strings in Resources */,
			);
			runOnlyForDeploymentPostprocessing = 0;
		};
/* End PBXResourcesBuildPhase section */

/* Begin PBXSourcesBuildPhase section */
		D08FB73F190D5A76002DA3C8 /* Sources */ = {
			isa = PBXSourcesBuildPhase;
			buildActionMask = 2147483647;
			files = (
				D08FB757190D5A76002DA3C8 /* AppDelegate.m in Sources */,
				D08FB778190D5A95002DA3C8 /* MainViewController.m in Sources */,
				D08FB753190D5A76002DA3C8 /* main.m in Sources */,
			);
			runOnlyForDeploymentPostprocessing = 0;
		};
		D08FB75A190D5A76002DA3C8 /* Sources */ = {
			isa = PBXSourcesBuildPhase;
			buildActionMask = 2147483647;
			files = (
				D08FB76C190D5A76002DA3C8 /* DB_ProjectTests.m in Sources */,
			);
			runOnlyForDeploymentPostprocessing = 0;
		};
/* End PBXSourcesBuildPhase section */

/* Begin PBXTargetDependency section */
		D08FB764190D5A76002DA3C8 /* PBXTargetDependency */ = {
			isa = PBXTargetDependency;
			target = D08FB742190D5A76002DA3C8 /* DB_Project */;
			targetProxy = D08FB763190D5A76002DA3C8 /* PBXContainerItemProxy */;
		};
/* End PBXTargetDependency section */

/* Begin PBXVariantGroup section */
		D08FB74F190D5A76002DA3C8 /* InfoPlist.strings */ = {
			isa = PBXVariantGroup;
			children = (
				D08FB750190D5A76002DA3C8 /* en */,
			);
			name = InfoPlist.strings;
			sourceTree = "<group>";
		};
		D08FB768190D5A76002DA3C8 /* InfoPlist.strings */ = {
			isa = PBXVariantGroup;
			children = (
				D08FB769190D5A76002DA3C8 /* en */,
			);
			name = InfoPlist.strings;
			sourceTree = "<group>";
		};
/* End PBXVariantGroup section */

/* Begin XCBuildConfiguration section */
		D08FB76D190D5A76002DA3C8 /* Debug */ = {
			isa = XCBuildConfiguration;
			buildSettings = {
				ALWAYS_SEARCH_USER_PATHS = NO;
				CLANG_CXX_LANGUAGE_STANDARD = "gnu++0x";
				CLANG_CXX_LIBRARY = "libc++";
				CLANG_ENABLE_MODULES = YES;
				CLANG_ENABLE_OBJC_ARC = YES;
				CLANG_WARN_BOOL_CONVERSION = YES;
				CLANG_WARN_CONSTANT_CONVERSION = YES;
				CLANG_WARN_DIRECT_OBJC_ISA_USAGE = YES_ERROR;
				CLANG_WARN_EMPTY_BODY = YES;
				CLANG_WARN_ENUM_CONVERSION = YES;
				CLANG_WARN_INT_CONVERSION = YES;
				CLANG_WARN_OBJC_ROOT_CLASS = YES_ERROR;
				CLANG_WARN__DUPLICATE_METHOD_MATCH = YES;
				"CODE_SIGN_IDENTITY[sdk=iphoneos*]" = "iPhone Developer";
				COPY_PHASE_STRIP = NO;
				GCC_C_LANGUAGE_STANDARD = gnu99;
				GCC_DYNAMIC_NO_PIC = NO;
				GCC_OPTIMIZATION_LEVEL = 0;
				GCC_PREPROCESSOR_DEFINITIONS = (
					"DEBUG=1",
					"$(inherited)",
				);
				GCC_SYMBOLS_PRIVATE_EXTERN = NO;
				GCC_WARN_64_TO_32_BIT_CONVERSION = YES;
				GCC_WARN_ABOUT_RETURN_TYPE = YES_ERROR;
				GCC_WARN_UNDECLARED_SELECTOR = YES;
				GCC_WARN_UNINITIALIZED_AUTOS = YES_AGGRESSIVE;
				GCC_WARN_UNUSED_FUNCTION = YES;
				GCC_WARN_UNUSED_VARIABLE = YES;
				IPHONEOS_DEPLOYMENT_TARGET = 7.1;
				ONLY_ACTIVE_ARCH = YES;
				SDKROOT = iphoneos;
			};
			name = Debug;
		};
		D08FB76E190D5A76002DA3C8 /* Release */ = {
			isa = XCBuildConfiguration;
			buildSettings = {
				ALWAYS_SEARCH_USER_PATHS = NO;
				CLANG_CXX_LANGUAGE_STANDARD = "gnu++0x";
				CLANG_CXX_LIBRARY = "libc++";
				CLANG_ENABLE_MODULES = YES;
				CLANG_ENABLE_OBJC_ARC = YES;
				CLANG_WARN_BOOL_CONVERSION = YES;
				CLANG_WARN_CONSTANT_CONVERSION = YES;
				CLANG_WARN_DIRECT_OBJC_ISA_USAGE = YES_ERROR;
				CLANG_WARN_EMPTY_BODY = YES;
				CLANG_WARN_ENUM_CONVERSION = YES;
				CLANG_WARN_INT_CONVERSION = YES;
				CLANG_WARN_OBJC_ROOT_CLASS = YES_ERROR;
				CLANG_WARN__DUPLICATE_METHOD_MATCH = YES;
				"CODE_SIGN_IDENTITY[sdk=iphoneos*]" = "iPhone Developer";
				COPY_PHASE_STRIP = YES;
				ENABLE_NS_ASSERTIONS = NO;
				GCC_C_LANGUAGE_STANDARD = gnu99;
				GCC_WARN_64_TO_32_BIT_CONVERSION = YES;
				GCC_WARN_ABOUT_RETURN_TYPE = YES_ERROR;
				GCC_WARN_UNDECLARED_SELECTOR = YES;
				GCC_WARN_UNINITIALIZED_AUTOS = YES_AGGRESSIVE;
				GCC_WARN_UNUSED_FUNCTION = YES;
				GCC_WARN_UNUSED_VARIABLE = YES;
				IPHONEOS_DEPLOYMENT_TARGET = 7.1;
				SDKROOT = iphoneos;
				VALIDATE_PRODUCT = YES;
			};
			name = Release;
		};
		D08FB770190D5A76002DA3C8 /* Debug */ = {
			isa = XCBuildConfiguration;
			buildSettings = {
				ASSETCATALOG_COMPILER_APPICON_NAME = AppIcon;
				ASSETCATALOG_COMPILER_LAUNCHIMAGE_NAME = LaunchImage;
				GCC_PRECOMPILE_PREFIX_HEADER = YES;
				GCC_PREFIX_HEADER = "DB_Project/DB_Project-Prefix.pch";
				INFOPLIST_FILE = "DB_Project/DB_Project-Info.plist";
				PRODUCT_NAME = "$(TARGET_NAME)";
				WRAPPER_EXTENSION = app;
			};
			name = Debug;
		};
		D08FB771190D5A76002DA3C8 /* Release */ = {
			isa = XCBuildConfiguration;
			buildSettings = {
				ASSETCATALOG_COMPILER_APPICON_NAME = AppIcon;
				ASSETCATALOG_COMPILER_LAUNCHIMAGE_NAME = LaunchImage;
				GCC_PRECOMPILE_PREFIX_HEADER = YES;
				GCC_PREFIX_HEADER = "DB_Project/DB_Project-Prefix.pch";
				INFOPLIST_FILE = "DB_Project/DB_Project-Info.plist";
				PRODUCT_NAME = "$(TARGET_NAME)";
				WRAPPER_EXTENSION = app;
			};
			name = Release;
		};
		D08FB773190D5A76002DA3C8 /* Debug */ = {
			isa = XCBuildConfiguration;
			buildSettings = {
				BUNDLE_LOADER = "$(BUILT_PRODUCTS_DIR)/DB_Project.app/DB_Project";
				FRAMEWORK_SEARCH_PATHS = (
					"$(SDKROOT)/Developer/Library/Frameworks",
					"$(inherited)",
					"$(DEVELOPER_FRAMEWORKS_DIR)",
				);
				GCC_PRECOMPILE_PREFIX_HEADER = YES;
				GCC_PREFIX_HEADER = "DB_Project/DB_Project-Prefix.pch";
				GCC_PREPROCESSOR_DEFINITIONS = (
					"DEBUG=1",
					"$(inherited)",
				);
				INFOPLIST_FILE = "DB_ProjectTests/DB_ProjectTests-Info.plist";
				PRODUCT_NAME = "$(TARGET_NAME)";
				TEST_HOST = "$(BUNDLE_LOADER)";
				WRAPPER_EXTENSION = xctest;
			};
			name = Debug;
		};
		D08FB774190D5A76002DA3C8 /* Release */ = {
			isa = XCBuildConfiguration;
			buildSettings = {
				BUNDLE_LOADER = "$(BUILT_PRODUCTS_DIR)/DB_Project.app/DB_Project";
				FRAMEWORK_SEARCH_PATHS = (
					"$(SDKROOT)/Developer/Library/Frameworks",
					"$(inherited)",
					"$(DEVELOPER_FRAMEWORKS_DIR)",
				);
				GCC_PRECOMPILE_PREFIX_HEADER = YES;
				GCC_PREFIX_HEADER = "DB_Project/DB_Project-Prefix.pch";
				INFOPLIST_FILE = "DB_ProjectTests/DB_ProjectTests-Info.plist";
				PRODUCT_NAME = "$(TARGET_NAME)";
				TEST_HOST = "$(BUNDLE_LOADER)";
				WRAPPER_EXTENSION = xctest;
			};
			name = Release;
		};
/* End XCBuildConfiguration section */

/* Begin XCConfigurationList section */
		D08FB73E190D5A76002DA3C8 /* Build configuration list for PBXProject "DB_Project" */ = {
			isa = XCConfigurationList;
			buildConfigurations = (
				D08FB76D190D5A76002DA3C8 /* Debug */,
				D08FB76E190D5A76002DA3C8 /* Release */,
			);
			defaultConfigurationIsVisible = 0;
			defaultConfigurationName = Release;
		};
		D08FB76F190D5A76002DA3C8 /* Build configuration list for PBXNativeTarget "DB_Project" */ = {
			isa = XCConfigurationList;
			buildConfigurations = (
				D08FB770190D5A76002DA3C8 /* Debug */,
				D08FB771190D5A76002DA3C8 /* Release */,
			);
			defaultConfigurationIsVisible = 0;
		};
		D08FB772190D5A76002DA3C8 /* Build configuration list for PBXNativeTarget "DB_ProjectTests" */ = {
			isa = XCConfigurationList;
			buildConfigurations = (
				D08FB773190D5A76002DA3C8 /* Debug */,
				D08FB774190D5A76002DA3C8 /* Release */,
			);
			defaultConfigurationIsVisible = 0;
		};
/* End XCConfigurationList section */
	};
	rootObject = D08FB73B190D5A76002DA3C8 /* Project object */;
}
